
Microsoft Visual Studio Solution File, Format Version 12.00
# Visual Studio 14
VisualStudioVersion = 14.0.23107.0
MinimumVisualStudioVersion = 10.0.40219.1
Project("{FAE04EC0-301F-11D3-BF4B-00C04F79EFBC}") = "StudentenAdministratie", "StudentenAdministratie.csproj", "{ACFFB243-4517-4796-9233-5A8C0A6780AF}"
EndProject
Project("{FAE04EC0-301F-11D3-BF4B-00C04F79EFBC}") = "BLL", "..\BLL\BLL.csproj", "{19E55685-1445-4686-8623-896CEBD16BE6}"
EndProject
Project("{FAE04EC0-301F-11D3-BF4B-00C04F79EFBC}") = "StudentApplication.Model", "..\..\..\StudentApplication.Model\StudentApplication.Model\StudentApplication.Model.csproj", "{0975A53D-BB3D-4C28-8501-AA913D7AEE1A}"
EndProject
Project("{FAE04EC0-301F-11D3-BF4B-00C04F79EFBC}") = "DAL", "..\DAL\DAL.csproj", "{895F3BB1-BC96-42EA-8CB2-6F735F61C7EF}"
EndProject
Project("{E24C65DC-7377-472B-9ABA-BC803B73C61A}") = "GreenBoard", "..\..\..\GreenBoard", "{CF7CC223-61C2-4D3B-A20B-58F6807D844C}"
	ProjectSection(WebsiteProperties) = preProject
		SccProjectName = "SAK"
		SccAuxPath = "SAK"
		SccLocalPath = "SAK"
		SccProvider = "SAK"
		TargetFrameworkMoniker = ".NETFramework,Version%3Dv4.5.2"
		ProjectReferences = "{04e4a513-67cc-4851-ae35-0ad51e51b58e}|ADServices.dll;{19E55685-1445-4686-8623-896CEBD16BE6}|BLL.dll;{895F3BB1-BC96-42EA-8CB2-6F735F61C7EF}|DAL.dll;{0975A53D-BB3D-4C28-8501-AA913D7AEE1A}|StudentApplication.Model.dll;"
		Debug.AspNetCompiler.VirtualPath = "/localhost_36973"
		Debug.AspNetCompiler.PhysicalPath = "..\..\..\GreenBoard\"
		Debug.AspNetCompiler.TargetPath = "PrecompiledWeb\localhost_36973\"
		Debug.AspNetCompiler.Updateable = "true"
		Debug.AspNetCompiler.ForceOverwrite = "true"
		Debug.AspNetCompiler.FixedNames = "false"
		Debug.AspNetCompiler.Debug = "True"
		Release.AspNetCompiler.VirtualPath = "/localhost_36973"
		Release.AspNetCompiler.PhysicalPath = "..\..\..\GreenBoard\"
		Release.AspNetCompiler.TargetPath = "PrecompiledWeb\localhost_36973\"
		Release.AspNetCompiler.Updateable = "true"
		Release.AspNetCompiler.ForceOverwrite = "true"
		Release.AspNetCompiler.FixedNames = "false"
		Release.AspNetCompiler.Debug = "False"
		VWDPort = "36973"
		SlnRelativePath = "..\..\..\GreenBoard\"
	EndProjectSection
EndProject
Project("{FAE04EC0-301F-11D3-BF4B-00C04F79EFBC}") = "Testing", "Testing\Testing.csproj", "{A77FE3FE-6101-4F1C-BEFF-2B0CD805B5B2}"
EndProject
Project("{FAE04EC0-301F-11D3-BF4B-00C04F79EFBC}") = "NetworkMessage", "..\NetworkMessage\NetworkMessage.csproj", "{7E4AA200-0EF1-4567-ABCF-EFCB495B159F}"
EndProject
Project("{FAE04EC0-301F-11D3-BF4B-00C04F79EFBC}") = "StudentenAdministratieApp", "..\StudentenAdministratieApp\StudentenAdministratieApp.csproj", "{8D43297D-9094-448A-A10D-887360ED9AB3}"
EndProject
Project("{FAE04EC0-301F-11D3-BF4B-00C04F79EFBC}") = "ADServices", "..\ADServices\ADServices.csproj", "{04E4A513-67CC-4851-AE35-0AD51E51B58E}"
EndProject
Project("{FAE04EC0-301F-11D3-BF4B-00C04F79EFBC}") = "EID.Wrapper", "..\..\..\EIDExample\EID.Wrapper\EID.Wrapper.csproj", "{16C3782E-A7B2-4D28-B900-BDD870416683}"
EndProject
Project("{FAE04EC0-301F-11D3-BF4B-00C04F79EFBC}") = "MessageProvider", "..\MessageProvider\MessageProvider.csproj", "{A7B01094-9090-45B2-8590-FC0177095F53}"
EndProject
Project("{FAE04EC0-301F-11D3-BF4B-00C04F79EFBC}") = "SQLConsole", "..\SQLConsole\SQLConsole.csproj", "{224B0707-D2DE-49AF-AA05-E4B5048776C0}"
EndProject
Global
	GlobalSection(SolutionConfigurationPlatforms) = preSolution
		Debug|Any CPU = Debug|Any CPU
		Debug|x64 = Debug|x64
		Debug|x86 = Debug|x86
		Release|Any CPU = Release|Any CPU
		Release|x64 = Release|x64
		Release|x86 = Release|x86
	EndGlobalSection
	GlobalSection(ProjectConfigurationPlatforms) = postSolution
		{ACFFB243-4517-4796-9233-5A8C0A6780AF}.Debug|Any CPU.ActiveCfg = Debug|Any CPU
		{ACFFB243-4517-4796-9233-5A8C0A6780AF}.Debug|Any CPU.Build.0 = Debug|Any CPU
		{ACFFB243-4517-4796-9233-5A8C0A6780AF}.Debug|x64.ActiveCfg = Debug|Any CPU
		{ACFFB243-4517-4796-9233-5A8C0A6780AF}.Debug|x64.Build.0 = Debug|Any CPU
		{ACFFB243-4517-4796-9233-5A8C0A6780AF}.Debug|x86.ActiveCfg = Debug|Any CPU
		{ACFFB243-4517-4796-9233-5A8C0A6780AF}.Debug|x86.Build.0 = Debug|Any CPU
		{ACFFB243-4517-4796-9233-5A8C0A6780AF}.Release|Any CPU.ActiveCfg = Release|Any CPU
		{ACFFB243-4517-4796-9233-5A8C0A6780AF}.Release|Any CPU.Build.0 = Release|Any CPU
		{ACFFB243-4517-4796-9233-5A8C0A6780AF}.Release|x64.ActiveCfg = Release|Any CPU
		{ACFFB243-4517-4796-9233-5A8C0A6780AF}.Release|x64.Build.0 = Release|Any CPU
		{ACFFB243-4517-4796-9233-5A8C0A6780AF}.Release|x86.ActiveCfg = Release|Any CPU
		{ACFFB243-4517-4796-9233-5A8C0A6780AF}.Release|x86.Build.0 = Release|Any CPU
		{19E55685-1445-4686-8623-896CEBD16BE6}.Debug|Any CPU.ActiveCfg = Debug|Any CPU
		{19E55685-1445-4686-8623-896CEBD16BE6}.Debug|Any CPU.Build.0 = Debug|Any CPU
		{19E55685-1445-4686-8623-896CEBD16BE6}.Debug|x64.ActiveCfg = Debug|Any CPU
		{19E55685-1445-4686-8623-896CEBD16BE6}.Debug|x64.Build.0 = Debug|Any CPU
		{19E55685-1445-4686-8623-896CEBD16BE6}.Debug|x86.ActiveCfg = Debug|Any CPU
		{19E55685-1445-4686-8623-896CEBD16BE6}.Debug|x86.Build.0 = Debug|Any CPU
		{19E55685-1445-4686-8623-896CEBD16BE6}.Release|Any CPU.ActiveCfg = Release|Any CPU
		{19E55685-1445-4686-8623-896CEBD16BE6}.Release|Any CPU.Build.0 = Release|Any CPU
		{19E55685-1445-4686-8623-896CEBD16BE6}.Release|x64.ActiveCfg = Release|Any CPU
		{19E55685-1445-4686-8623-896CEBD16BE6}.Release|x64.Build.0 = Release|Any CPU
		{19E55685-1445-4686-8623-896CEBD16BE6}.Release|x86.ActiveCfg = Release|Any CPU
		{19E55685-1445-4686-8623-896CEBD16BE6}.Release|x86.Build.0 = Release|Any CPU
		{0975A53D-BB3D-4C28-8501-AA913D7AEE1A}.Debug|Any CPU.ActiveCfg = Debug|Any CPU
		{0975A53D-BB3D-4C28-8501-AA913D7AEE1A}.Debug|Any CPU.Build.0 = Debug|Any CPU
		{0975A53D-BB3D-4C28-8501-AA913D7AEE1A}.Debug|x64.ActiveCfg = Debug|Any CPU
		{0975A53D-BB3D-4C28-8501-AA913D7AEE1A}.Debug|x64.Build.0 = Debug|Any CPU
		{0975A53D-BB3D-4C28-8501-AA913D7AEE1A}.Debug|x86.ActiveCfg = Debug|Any CPU
		{0975A53D-BB3D-4C28-8501-AA913D7AEE1A}.Debug|x86.Build.0 = Debug|Any CPU
		{0975A53D-BB3D-4C28-8501-AA913D7AEE1A}.Release|Any CPU.ActiveCfg = Release|Any CPU
		{0975A53D-BB3D-4C28-8501-AA913D7AEE1A}.Release|Any CPU.Build.0 = Release|Any CPU
		{0975A53D-BB3D-4C28-8501-AA913D7AEE1A}.Release|x64.ActiveCfg = Release|Any CPU
		{0975A53D-BB3D-4C28-8501-AA913D7AEE1A}.Release|x64.Build.0 = Release|Any CPU
		{0975A53D-BB3D-4C28-8501-AA913D7AEE1A}.Release|x86.ActiveCfg = Release|Any CPU
		{0975A53D-BB3D-4C28-8501-AA913D7AEE1A}.Release|x86.Build.0 = Release|Any CPU
		{895F3BB1-BC96-42EA-8CB2-6F735F61C7EF}.Debug|Any CPU.ActiveCfg = Debug|Any CPU
		{895F3BB1-BC96-42EA-8CB2-6F735F61C7EF}.Debug|Any CPU.Build.0 = Debug|Any CPU
		{895F3BB1-BC96-42EA-8CB2-6F735F61C7EF}.Debug|x64.ActiveCfg = Debug|Any CPU
		{895F3BB1-BC96-42EA-8CB2-6F735F61C7EF}.Debug|x64.Build.0 = Debug|Any CPU
		{895F3BB1-BC96-42EA-8CB2-6F735F61C7EF}.Debug|x86.ActiveCfg = Debug|Any CPU
		{895F3BB1-BC96-42EA-8CB2-6F735F61C7EF}.Debug|x86.Build.0 = Debug|Any CPU
		{895F3BB1-BC96-42EA-8CB2-6F735F61C7EF}.Release|Any CPU.ActiveCfg = Release|Any CPU
		{895F3BB1-BC96-42EA-8CB2-6F735F61C7EF}.Release|Any CPU.Build.0 = Release|Any CPU
		{895F3BB1-BC96-42EA-8CB2-6F735F61C7EF}.Release|x64.ActiveCfg = Release|Any CPU
		{895F3BB1-BC96-42EA-8CB2-6F735F61C7EF}.Release|x64.Build.0 = Release|Any CPU
		{895F3BB1-BC96-42EA-8CB2-6F735F61C7EF}.Release|x86.ActiveCfg = Release|Any CPU
		{895F3BB1-BC96-42EA-8CB2-6F735F61C7EF}.Release|x86.Build.0 = Release|Any CPU
		{CF7CC223-61C2-4D3B-A20B-58F6807D844C}.Debug|Any CPU.ActiveCfg = Debug|Any CPU
		{CF7CC223-61C2-4D3B-A20B-58F6807D844C}.Debug|Any CPU.Build.0 = Debug|Any CPU
		{CF7CC223-61C2-4D3B-A20B-58F6807D844C}.Debug|x64.ActiveCfg = Debug|Any CPU
		{CF7CC223-61C2-4D3B-A20B-58F6807D844C}.Debug|x64.Build.0 = Debug|Any CPU
		{CF7CC223-61C2-4D3B-A20B-58F6807D844C}.Debug|x86.ActiveCfg = Debug|Any CPU
		{CF7CC223-61C2-4D3B-A20B-58F6807D844C}.Debug|x86.Build.0 = Debug|Any CPU
		{CF7CC223-61C2-4D3B-A20B-58F6807D844C}.Release|Any CPU.ActiveCfg = Debug|Any CPU
		{CF7CC223-61C2-4D3B-A20B-58F6807D844C}.Release|Any CPU.Build.0 = Debug|Any CPU
		{CF7CC223-61C2-4D3B-A20B-58F6807D844C}.Release|x64.ActiveCfg = Debug|Any CPU
		{CF7CC223-61C2-4D3B-A20B-58F6807D844C}.Release|x64.Build.0 = Debug|Any CPU
		{CF7CC223-61C2-4D3B-A20B-58F6807D844C}.Release|x86.ActiveCfg = Debug|Any CPU
		{CF7CC223-61C2-4D3B-A20B-58F6807D844C}.Release|x86.Build.0 = Debug|Any CPU
		{A77FE3FE-6101-4F1C-BEFF-2B0CD805B5B2}.Debug|Any CPU.ActiveCfg = Debug|Any CPU
		{A77FE3FE-6101-4F1C-BEFF-2B0CD805B5B2}.Debug|Any CPU.Build.0 = Debug|Any CPU
		{A77FE3FE-6101-4F1C-BEFF-2B0CD805B5B2}.Debug|x64.ActiveCfg = Debug|Any CPU
		{A77FE3FE-6101-4F1C-BEFF-2B0CD805B5B2}.Debug|x64.Build.0 = Debug|Any CPU
		{A77FE3FE-6101-4F1C-BEFF-2B0CD805B5B2}.Debug|x86.ActiveCfg = Debug|Any CPU
		{A77FE3FE-6101-4F1C-BEFF-2B0CD805B5B2}.Debug|x86.Build.0 = Debug|Any CPU
		{A77FE3FE-6101-4F1C-BEFF-2B0CD805B5B2}.Release|Any CPU.ActiveCfg = Release|Any CPU
		{A77FE3FE-6101-4F1C-BEFF-2B0CD805B5B2}.Release|Any CPU.Build.0 = Release|Any CPU
		{A77FE3FE-6101-4F1C-BEFF-2B0CD805B5B2}.Release|x64.ActiveCfg = Release|Any CPU
		{A77FE3FE-6101-4F1C-BEFF-2B0CD805B5B2}.Release|x64.Build.0 = Release|Any CPU
		{A77FE3FE-6101-4F1C-BEFF-2B0CD805B5B2}.Release|x86.ActiveCfg = Release|Any CPU
		{A77FE3FE-6101-4F1C-BEFF-2B0CD805B5B2}.Release|x86.Build.0 = Release|Any CPU
		{7E4AA200-0EF1-4567-ABCF-EFCB495B159F}.Debug|Any CPU.ActiveCfg = Debug|Any CPU
		{7E4AA200-0EF1-4567-ABCF-EFCB495B159F}.Debug|Any CPU.Build.0 = Debug|Any CPU
		{7E4AA200-0EF1-4567-ABCF-EFCB495B159F}.Debug|x64.ActiveCfg = Debug|Any CPU
		{7E4AA200-0EF1-4567-ABCF-EFCB495B159F}.Debug|x64.Build.0 = Debug|Any CPU
		{7E4AA200-0EF1-4567-ABCF-EFCB495B159F}.Debug|x86.ActiveCfg = Debug|Any CPU
		{7E4AA200-0EF1-4567-ABCF-EFCB495B159F}.Debug|x86.Build.0 = Debug|Any CPU
		{7E4AA200-0EF1-4567-ABCF-EFCB495B159F}.Release|Any CPU.ActiveCfg = Release|Any CPU
		{7E4AA200-0EF1-4567-ABCF-EFCB495B159F}.Release|Any CPU.Build.0 = Release|Any CPU
		{7E4AA200-0EF1-4567-ABCF-EFCB495B159F}.Release|x64.ActiveCfg = Release|Any CPU
		{7E4AA200-0EF1-4567-ABCF-EFCB495B159F}.Release|x64.Build.0 = Release|Any CPU
		{7E4AA200-0EF1-4567-ABCF-EFCB495B159F}.Release|x86.ActiveCfg = Release|Any CPU
		{7E4AA200-0EF1-4567-ABCF-EFCB495B159F}.Release|x86.Build.0 = Release|Any CPU
		{8D43297D-9094-448A-A10D-887360ED9AB3}.Debug|Any CPU.ActiveCfg = Debug|Any CPU
		{8D43297D-9094-448A-A10D-887360ED9AB3}.Debug|Any CPU.Build.0 = Debug|Any CPU
		{8D43297D-9094-448A-A10D-887360ED9AB3}.Debug|x64.ActiveCfg = Debug|Any CPU
		{8D43297D-9094-448A-A10D-887360ED9AB3}.Debug|x64.Build.0 = Debug|Any CPU
		{8D43297D-9094-448A-A10D-887360ED9AB3}.Debug|x86.ActiveCfg = Debug|Any CPU
		{8D43297D-9094-448A-A10D-887360ED9AB3}.Debug|x86.Build.0 = Debug|Any CPU
		{8D43297D-9094-448A-A10D-887360ED9AB3}.Release|Any CPU.ActiveCfg = Release|Any CPU
		{8D43297D-9094-448A-A10D-887360ED9AB3}.Release|Any CPU.Build.0 = Release|Any CPU
		{8D43297D-9094-448A-A10D-887360ED9AB3}.Release|x64.ActiveCfg = Release|Any CPU
		{8D43297D-9094-448A-A10D-887360ED9AB3}.Release|x64.Build.0 = Release|Any CPU
		{8D43297D-9094-448A-A10D-887360ED9AB3}.Release|x86.ActiveCfg = Release|Any CPU
		{8D43297D-9094-448A-A10D-887360ED9AB3}.Release|x86.Build.0 = Release|Any CPU
		{04E4A513-67CC-4851-AE35-0AD51E51B58E}.Debug|Any CPU.ActiveCfg = Debug|Any CPU
		{04E4A513-67CC-4851-AE35-0AD51E51B58E}.Debug|Any CPU.Build.0 = Debug|Any CPU
		{04E4A513-67CC-4851-AE35-0AD51E51B58E}.Debug|x64.ActiveCfg = Debug|Any CPU
		{04E4A513-67CC-4851-AE35-0AD51E51B58E}.Debug|x64.Build.0 = Debug|Any CPU
		{04E4A513-67CC-4851-AE35-0AD51E51B58E}.Debug|x86.ActiveCfg = Debug|Any CPU
		{04E4A513-67CC-4851-AE35-0AD51E51B58E}.Debug|x86.Build.0 = Debug|Any CPU
		{04E4A513-67CC-4851-AE35-0AD51E51B58E}.Release|Any CPU.ActiveCfg = Release|Any CPU
		{04E4A513-67CC-4851-AE35-0AD51E51B58E}.Release|Any CPU.Build.0 = Release|Any CPU
		{04E4A513-67CC-4851-AE35-0AD51E51B58E}.Release|x64.ActiveCfg = Release|Any CPU
		{04E4A513-67CC-4851-AE35-0AD51E51B58E}.Release|x64.Build.0 = Release|Any CPU
		{04E4A513-67CC-4851-AE35-0AD51E51B58E}.Release|x86.ActiveCfg = Release|Any CPU
		{04E4A513-67CC-4851-AE35-0AD51E51B58E}.Release|x86.Build.0 = Release|Any CPU
		{16C3782E-A7B2-4D28-B900-BDD870416683}.Debug|Any CPU.ActiveCfg = Debug|Any CPU
		{16C3782E-A7B2-4D28-B900-BDD870416683}.Debug|Any CPU.Build.0 = Debug|Any CPU
		{16C3782E-A7B2-4D28-B900-BDD870416683}.Debug|x64.ActiveCfg = Debug|x64
		{16C3782E-A7B2-4D28-B900-BDD870416683}.Debug|x64.Build.0 = Debug|x64
		{16C3782E-A7B2-4D28-B900-BDD870416683}.Debug|x86.ActiveCfg = Debug|x86
		{16C3782E-A7B2-4D28-B900-BDD870416683}.Debug|x86.Build.0 = Debug|x86
		{16C3782E-A7B2-4D28-B900-BDD870416683}.Release|Any CPU.ActiveCfg = Release|Any CPU
		{16C3782E-A7B2-4D28-B900-BDD870416683}.Release|Any CPU.Build.0 = Release|Any CPU
		{16C3782E-A7B2-4D28-B900-BDD870416683}.Release|x64.ActiveCfg = Release|x64
		{16C3782E-A7B2-4D28-B900-BDD870416683}.Release|x64.Build.0 = Release|x64
		{16C3782E-A7B2-4D28-B900-BDD870416683}.Release|x86.ActiveCfg = Release|x86
		{16C3782E-A7B2-4D28-B900-BDD870416683}.Release|x86.Build.0 = Release|x86
		{A7B01094-9090-45B2-8590-FC0177095F53}.Debug|Any CPU.ActiveCfg = Debug|Any CPU
		{A7B01094-9090-45B2-8590-FC0177095F53}.Debug|Any CPU.Build.0 = Debug|Any CPU
		{A7B01094-9090-45B2-8590-FC0177095F53}.Debug|x64.ActiveCfg = Debug|Any CPU
		{A7B01094-9090-45B2-8590-FC0177095F53}.Debug|x64.Build.0 = Debug|Any CPU
		{A7B01094-9090-45B2-8590-FC0177095F53}.Debug|x86.ActiveCfg = Debug|Any CPU
		{A7B01094-9090-45B2-8590-FC0177095F53}.Debug|x86.Build.0 = Debug|Any CPU
		{A7B01094-9090-45B2-8590-FC0177095F53}.Release|Any CPU.ActiveCfg = Release|Any CPU
		{A7B01094-9090-45B2-8590-FC0177095F53}.Release|Any CPU.Build.0 = Release|Any CPU
		{A7B01094-9090-45B2-8590-FC0177095F53}.Release|x64.ActiveCfg = Release|Any CPU
		{A7B01094-9090-45B2-8590-FC0177095F53}.Release|x64.Build.0 = Release|Any CPU
		{A7B01094-9090-45B2-8590-FC0177095F53}.Release|x86.ActiveCfg = Release|Any CPU
		{A7B01094-9090-45B2-8590-FC0177095F53}.Release|x86.Build.0 = Release|Any CPU
		{224B0707-D2DE-49AF-AA05-E4B5048776C0}.Debug|Any CPU.ActiveCfg = Debug|Any CPU
		{224B0707-D2DE-49AF-AA05-E4B5048776C0}.Debug|Any CPU.Build.0 = Debug|Any CPU
		{224B0707-D2DE-49AF-AA05-E4B5048776C0}.Debug|x64.ActiveCfg = Debug|Any CPU
		{224B0707-D2DE-49AF-AA05-E4B5048776C0}.Debug|x64.Build.0 = Debug|Any CPU
		{224B0707-D2DE-49AF-AA05-E4B5048776C0}.Debug|x86.ActiveCfg = Debug|Any CPU
		{224B0707-D2DE-49AF-AA05-E4B5048776C0}.Debug|x86.Build.0 = Debug|Any CPU
		{224B0707-D2DE-49AF-AA05-E4B5048776C0}.Release|Any CPU.ActiveCfg = Release|Any CPU
		{224B0707-D2DE-49AF-AA05-E4B5048776C0}.Release|Any CPU.Build.0 = Release|Any CPU
		{224B0707-D2DE-49AF-AA05-E4B5048776C0}.Release|x64.ActiveCfg = Release|Any CPU
		{224B0707-D2DE-49AF-AA05-E4B5048776C0}.Release|x64.Build.0 = Release|Any CPU
		{224B0707-D2DE-49AF-AA05-E4B5048776C0}.Release|x86.ActiveCfg = Release|Any CPU
		{224B0707-D2DE-49AF-AA05-E4B5048776C0}.Release|x86.Build.0 = Release|Any CPU
	EndGlobalSection
	GlobalSection(SolutionProperties) = preSolution
		HideSolutionNode = FALSE
	EndGlobalSection
	GlobalSection(TeamFoundationVersionControl) = preSolution
		SccNumberOfProjects = 13
		SccEnterpriseProvider = {4CA58AB2-18FA-4F8D-95D4-32DDF27D184C}
		SccTeamFoundationServer = https://userkef1992.visualstudio.com/defaultcollection
		SccLocalPath0 = .
		SccProjectUniqueName1 = StudentenAdministratie.csproj
		SccLocalPath1 = .
		SccProjectUniqueName2 = ..\\BLL\\BLL.csproj
		SccProjectName2 = ../BLL
		SccLocalPath2 = ..\\BLL
		SccProjectUniqueName3 = ..\\DAL\\DAL.csproj
		SccProjectName3 = ../DAL
		SccLocalPath3 = ..\\DAL
		SccProjectUniqueName4 = Testing\\Testing.csproj
		SccProjectName4 = Testing
		SccLocalPath4 = Testing
		SccProjectUniqueName5 = ..\\NetworkMessage\\NetworkMessage.csproj
		SccProjectName5 = ../NetworkMessage
		SccLocalPath5 = ..\\NetworkMessage
		SccProjectUniqueName6 = ..\\StudentenAdministratieApp\\StudentenAdministratieApp.csproj
		SccProjectName6 = ../StudentenAdministratieApp
		SccLocalPath6 = ..\\StudentenAdministratieApp
		SccProjectUniqueName7 = ..\\ADServices\\ADServices.csproj
		SccProjectName7 = ../ADServices
		SccLocalPath7 = ..\\ADServices
		SccWebProject8 = true
		SccProjectUniqueName8 = ..\\..\\..\\GreenBoard
		SccProjectName8 = GreenBoard
		SccLocalPath8 = ..\\..\\..\\GreenBoard
		SccProjectEnlistmentChoice8 = 2
		SccProjectUniqueName9 = ..\\..\\..\\StudentApplication.Model\\StudentApplication.Model\\StudentApplication.Model.csproj
		SccProjectName9 = ../StudentApplication.Model/StudentApplication.Model
		SccLocalPath9 = ..\\..\\..\\StudentApplication.Model\\StudentApplication.Model
		SccProjectUniqueName10 = ..\\..\\..\\EIDExample\\EID.Wrapper\\EID.Wrapper.csproj
		SccProjectName10 = EID.Wrapper
		SccLocalPath10 = ..\\..\\..\\EIDExample\\EID.Wrapper
		SccProjectUniqueName11 = ..\\MessageProvider\\MessageProvider.csproj
		SccProjectName11 = ../MessageProvider
		SccLocalPath11 = ..\\MessageProvider
		SccProjectUniqueName12 = ..\\SQLConsole\\SQLConsole.csproj
		SccProjectName12 = ../SQLConsole
		SccLocalPath12 = ..\\SQLConsole
	EndGlobalSection
EndGlobal
